// !$*UTF8*$!
{
	archiveVersion = 1;
	classes = {
	};
	objectVersion = 77;
	objects = {

/* Begin PBXContainerItemProxy section */
		F9AEF9D330375CA50080ED9A /* PBXContainerItemProxy */ = {
			isa = PBXContainerItemProxy;
			containerPortal = F9AEF9BD30375CA10080ED9A /* Project object */;
			proxyType = 1;
			remoteGlobalIDString = F9AEF9C430375CA10080ED9A;
			remoteInfo = RadinhoDePilha;
		};
		F9AEF9DD30375CA50080ED9A /* PBXContainerItemProxy */ = {
			isa = PBXContainerItemProxy;
			containerPortal = F9AEF9BD30375CA10080ED9A /* Project object */;
			proxyType = 1;
			remoteGlobalIDString = F9AEF9C430375CA10080ED9A;
			remoteInfo = RadinhoDePilha;
		};
/* End PBXContainerItemProxy section */

/* Begin PBXFileReference section */
		CF0100000000000000000001 /* Debug.xcconfig */ = {isa = PBXFileReference; lastKnownFileType = text.xcconfig; path = Debug.xcconfig; sourceTree = "<group>"; };
		CF0100000000000000000002 /* Release.xcconfig */ = {isa = PBXFileReference; lastKnownFileType = text.xcconfig; path = Release.xcconfig; sourceTree = "<group>"; };
		CF0100000000000000000003 /* Secrets.example.xcconfig */ = {isa = PBXFileReference; lastKnownFileType = text.xcconfig; path = Secrets.example.xcconfig; sourceTree = "<group>"; };
		CF0100000000000000000004 /* Info.plist */ = {isa = PBXFileReference; lastKnownFileType = text.plist.xml; path = Info.plist; sourceTree = "<group>"; };
		CF0100000000000000000005 /* Shared.xcconfig */ = {isa = PBXFileReference; lastKnownFileType = text.xcconfig; path = Shared.xcconfig; sourceTree = "<group>"; };
		F9AEF9C530375CA10080ED9A /* RadinhoDePilha.app */ = {isa = PBXFileReference; explicitFileType = wrapper.application; includeInIndex = 0; path = RadinhoDePilha.app; sourceTree = BUILT_PRODUCTS_DIR; };
		F9AEF9D230375CA50080ED9A /* RadinhoDePilhaTests.xctest */ = {isa = PBXFileReference; explicitFileType = wrapper.cfbundle; includeInIndex = 0; path = RadinhoDePilhaTests.xctest; sourceTree = BUILT_PRODUCTS_DIR; };
		F9AEF9DC30375CA50080ED9A /* RadinhoDePilhaUITests.xctest */ = {isa = PBXFileReference; explicitFileType = wrapper.cfbundle; includeInIndex = 0; path = RadinhoDePilhaUITests.xctest; sourceTree = BUILT_PRODUCTS_DIR; };
/* End PBXFileReference section */

/* Begin PBXFileSystemSynchronizedRootGroup section */
		F9AEF9C730375CA10080ED9A /* RadinhoDePilha */ = {
			isa = PBXFileSystemSynchronizedRootGroup;
			path = RadinhoDePilha;
			sourceTree = "<group>";
		};
		F9AEF9D530375CA50080ED9A /* RadinhoDePilhaTests */ = {
			isa = PBXFileSystemSynchronizedRootGroup;
			path = RadinhoDePilhaTests;
			sourceTree = "<group>";
		};
		F9AEF9DF30375CA50080ED9A /* RadinhoDePilhaUITests */ = {
			isa = PBXFileSystemSynchronizedRootGroup;
			path = RadinhoDePilhaUITests;
			sourceTree = "<group>";
		};
/* End PBXFileSystemSynchronizedRootGroup section */

/* Begin PBXFrameworksBuildPhase section */
		F9AEF9C230375CA10080ED9A /* Frameworks */ = {
			isa = PBXFrameworksBuildPhase;
			buildActionMask = 2147483647;
			files = (
			);
			runOnlyForDeploymentPostprocessing = 0;
		};
		F9AEF9CF30375CA50080ED9A /* Frameworks */ = {
			isa = PBXFrameworksBuildPhase;
			buildActionMask = 2147483647;
			files = (
			);
			runOnlyForDeploymentPostprocessing = 0;
		};
		F9AEF9D930375CA50080ED9A /* Frameworks */ = {
			isa = PBXFrameworksBuildPhase;
			buildActionMask = 2147483647;
			files = (
			);
			runOnlyForDeploymentPostprocessing = 0;
		};
/* End PBXFrameworksBuildPhase section */

/* Begin PBXGroup section */
		CF0100000000000000000010 /* Config */ = {
			isa = PBXGroup;
			children = (
				CF0100000000000000000005 /* Shared.xcconfig */,
				CF0100000000000000000001 /* Debug.xcconfig */,
				CF0100000000000000000002 /* Release.xcconfig */,
				CF0100000000000000000003 /* Secrets.example.xcconfig */,
				CF0100000000000000000004 /* Info.plist */,
			);
			path = Config;
			sourceTree = "<group>";
		};
		F9AEF9BC30375CA10080ED9A = {
			isa = PBXGroup;
			children = (
				CF0100000000000000000010 /* Config */,
				F9AEF9C730375CA10080ED9A /* RadinhoDePilha */,
				F9AEF9D530375CA50080ED9A /* RadinhoDePilhaTests */,
				F9AEF9DF30375CA50080ED9A /* RadinhoDePilhaUITests */,
				F9AEF9C630375CA10080ED9A /* Products */,
			);
			sourceTree = "<group>";
		};
		F9AEF9C630375CA10080ED9A /* Products */ = {
			isa = PBXGroup;
			children = (
				F9AEF9C530375CA10080ED9A /* RadinhoDePilha.app */,
				F9AEF9D230375CA50080ED9A /* RadinhoDePilhaTests.xctest */,
				F9AEF9DC30375CA50080ED9A /* RadinhoDePilhaUITests.xctest */,
			);
			name = Products;
			sourceTree = "<group>";
		};
/* End PBXGroup section */

/* Begin PBXNativeTarget section */
		F9AEF9C430375CA10080ED9A /* RadinhoDePilha */ = {
			isa = PBXNativeTarget;
			buildConfigurationList = F9AEF9E630375CA50080ED9A /* Build configuration list for PBXNativeTarget "RadinhoDePilha" */;
			buildPhases = (
				F9AEF9C130375CA10080ED9A /* Sources */,
				F9AEF9C230375CA10080ED9A /* Frameworks */,
				F9AEF9C330375CA10080ED9A /* Resources */,
			);
			buildRules = (
			);
			dependencies = (
			);
			fileSystemSynchronizedGroups = (
				F9AEF9C730375CA10080ED9A /* RadinhoDePilha */,
			);
			name = RadinhoDePilha;
			packageProductDependencies = (
			);
			productName = RadinhoDePilha;
			productReference = F9AEF9C530375CA10080ED9A /* RadinhoDePilha.app */;
			productType = "com.apple.product-type.application";
		};
		F9AEF9D130375CA50080ED9A /* RadinhoDePilhaTests */ = {
			isa = PBXNativeTarget;
			buildConfigurationList = F9AEF9E930375CA50080ED9A /* Build configuration list for PBXNativeTarget "RadinhoDePilhaTests" */;
			buildPhases = (
				F9AEF9CE30375CA50080ED9A /* Sources */,
				F9AEF9CF30375CA50080ED9A /* Frameworks */,
				F9AEF9D030375CA50080ED9A /* Resources */,
			);
			buildRules = (
			);
			dependencies = (
				F9AEF9D430375CA50080ED9A /* PBXTargetDependency */,
			);
			fileSystemSynchronizedGroups = (
				F9AEF9D530375CA50080ED9A /* RadinhoDePilhaTests */,
			);
			name = RadinhoDePilhaTests;
			packageProductDependencies = (
			);
			productName = RadinhoDePilhaTests;
			productReference = F9AEF9D230375CA50080ED9A /* RadinhoDePilhaTests.xctest */;
			productType = "com.apple.product-type.bundle.unit-test";
		};
		F9AEF9DB30375CA50080ED9A /* RadinhoDePilhaUITests */ = {
			isa = PBXNativeTarget;
			buildConfigurationList = F9AEF9EC30375CA50080ED9A /* Build configuration list for PBXNativeTarget "RadinhoDePilhaUITests" */;
			buildPhases = (
				F9AEF9D830375CA50080ED9A /* Sources */,
				F9AEF9D930375CA50080ED9A /* Frameworks */,
				F9AEF9DA30375CA50080ED9A /* Resources */,
			);
			buildRules = (
			);
			dependencies = (
				F9AEF9DE30375CA50080ED9A /* PBXTargetDependency */,
			);
			fileSystemSynchronizedGroups = (
				F9AEF9DF30375CA50080ED9A /* RadinhoDePilhaUITests */,
			);
			name = RadinhoDePilhaUITests;
			packageProductDependencies = (
			);
			productName = RadinhoDePilhaUITests;
			productReference = F9AEF9DC30375CA50080ED9A /* RadinhoDePilhaUITests.xctest */;
			productType = "com.apple.product-type.bundle.ui-testing";
		};
/* End PBXNativeTarget section */

/* Begin PBXProject section */
		F9AEF9BD30375CA10080ED9A /* Project object */ = {
			isa = PBXProject;
			attributes = {
				BuildIndependentTargetsInParallel = 1;
				LastSwiftUpdateCheck = 2650;
				LastUpgradeCheck = 2650;
				TargetAttributes = {
					F9AEF9C430375CA10080ED9A = {
						CreatedOnToolsVersion = 26.5;
					};
					F9AEF9D130375CA50080ED9A = {
						CreatedOnToolsVersion = 26.5;
						TestTargetID = F9AEF9C430375CA10080ED9A;
					};
					F9AEF9DB30375CA50080ED9A = {
						CreatedOnToolsVersion = 26.5;
						TestTargetID = F9AEF9C430375CA10080ED9A;
					};
				};
			};
			buildConfigurationList = F9AEF9C030375CA10080ED9A /* Build configuration list for PBXProject "RadinhoDePilha" */;
			developmentRegion = en;
			hasScannedForEncodings = 0;
			knownRegions = (
				en,
				Base,
			);
			mainGroup = F9AEF9BC30375CA10080ED9A;
			minimizedProjectReferenceProxies = 1;
			preferredProjectObjectVersion = 77;
			productRefGroup = F9AEF9C630375CA10080ED9A /* Products */;
			projectDirPath = "";
			projectRoot = "";
			targets = (
				F9AEF9C430375CA10080ED9A /* RadinhoDePilha */,
				F9AEF9D130375CA50080ED9A /* RadinhoDePilhaTests */,
				F9AEF9DB30375CA50080ED9A /* RadinhoDePilhaUITests */,
			);
		};
/* End PBXProject section */

/* Begin PBXResourcesBuildPhase section */
		F9AEF9C330375CA10080ED9A /* Resources */ = {
			isa = PBXResourcesBuildPhase;
			buildActionMask = 2147483647;
			files = (
			);
			runOnlyForDeploymentPostprocessing = 0;
		};
		F9AEF9D030375CA50080ED9A /* Resources */ = {
			isa = PBXResourcesBuildPhase;
			buildActionMask = 2147483647;
			files = (
			);
			runOnlyForDeploymentPostprocessing = 0;
		};
		F9AEF9DA30375CA50080ED9A /* Resources */ = {
			isa = PBXResourcesBuildPhase;
			buildActionMask = 2147483647;
			files = (
			);
			runOnlyForDeploymentPostprocessing = 0;
		};
/* End PBXResourcesBuildPhase section */

/* Begin PBXSourcesBuildPhase section */
		F9AEF9C130375CA10080ED9A /* Sources */ = {
			isa = PBXSourcesBuildPhase;
			buildActionMask = 2147483647;
			files = (
			);
			runOnlyForDeploymentPostprocessing = 0;
		};
		F9AEF9CE30375CA50080ED9A /* Sources */ = {
			isa = PBXSourcesBuildPhase;
			buildActionMask = 2147483647;
			files = (
			);
			runOnlyForDeploymentPostprocessing = 0;
		};
		F9AEF9D830375CA50080ED9A /* Sources */ = {
			isa = PBXSourcesBuildPhase;
			buildActionMask = 2147483647;
			files = (
			);
			runOnlyForDeploymentPostprocessing = 0;
		};
/* End PBXSourcesBuildPhase section */

/* Begin PBXTargetDependency section */
		F9AEF9D430375CA50080ED9A /* PBXTargetDependency */ = {
			isa = PBXTargetDependency;
			target = F9AEF9C430375CA10080ED9A /* RadinhoDePilha */;
			targetProxy = F9AEF9D330375CA50080ED9A /* PBXContainerItemProxy */;
		};
		F9AEF9DE30375CA50080ED9A /* PBXTargetDependency */ = {
			isa = PBXTargetDependency;
			target = F9AEF9C430375CA10080ED9A /* RadinhoDePilha */;
			targetProxy = F9AEF9DD30375CA50080ED9A /* PBXContainerItemProxy */;
		};
/* End PBXTargetDependency section */

/* Begin XCBuildConfiguration section */
		F9AEF9E430375CA50080ED9A /* Debug */ = {
			isa = XCBuildConfiguration;
			baseConfigurationReference = CF0100000000000000000001 /* Debug.xcconfig */;
			buildSettings = {
				ALWAYS_SEARCH_USER_PATHS = NO;
				ASSETCATALOG_COMPILER_GENERATE_SWIFT_ASSET_SYMBOL_EXTENSIONS = YES;
				CLANG_ANALYZER_NONNULL = YES;
				CLANG_ANALYZER_NUMBER_OBJECT_CONVERSION = YES_AGGRESSIVE;
				CLANG_CXX_LANGUAGE_STANDARD = "gnu++20";
				CLANG_ENABLE_MODULES = YES;
				CLANG_ENABLE_OBJC_ARC = YES;
				CLANG_ENABLE_OBJC_WEAK = YES;
				CLANG_WARN_BLOCK_CAPTURE_AUTORELEASING = YES;
				CLANG_WARN_BOOL_CONVERSION = YES;
				CLANG_WARN_COMMA = YES;
				CLANG_WARN_CONSTANT_CONVERSION = YES;
				CLANG_WARN_DEPRECATED_OBJC_IMPLEMENTATIONS = YES;
				CLANG_WARN_DIRECT_OBJC_ISA_USAGE = YES_ERROR;
				CLANG_WARN_DOCUMENTATION_COMMENTS = YES;
				CLANG_WARN_EMPTY_BODY = YES;
				CLANG_WARN_ENUM_CONVERSION = YES;
				CLANG_WARN_INFINITE_RECURSION = YES;
				CLANG_WARN_INT_CONVERSION = YES;
				CLANG_WARN_NON_LITERAL_NULL_CONVERSION = YES;
				CLANG_WARN_OBJC_IMPLICIT_RETAIN_SELF = YES;
				CLANG_WARN_OBJC_LITERAL_CONVERSION = YES;
				CLANG_WARN_OBJC_ROOT_CLASS = YES_ERROR;
				CLANG_WARN_QUOTED_INCLUDE_IN_FRAMEWORK_HEADER = YES;
				CLANG_WARN_RANGE_LOOP_ANALYSIS = YES;
				CLANG_WARN_STRICT_PROTOTYPES = YES;
				CLANG_WARN_SUSPICIOUS_MOVE = YES;
				CLANG_WARN_UNGUARDED_AVAILABILITY = YES_AGGRESSIVE;
				CLANG_WARN_UNREACHABLE_CODE = YES;
				CLANG_WARN__DUPLICATE_METHOD_MATCH = YES;
				COPY_PHASE_STRIP = NO;
				DEBUG_INFORMATION_FORMAT = dwarf;
				DEVELOPMENT_TEAM = "";
				ENABLE_STRICT_OBJC_MSGSEND = YES;
				ENABLE_TESTABILITY = YES;
				ENABLE_USER_SCRIPT_SANDBOXING = YES;
				GCC_C_LANGUAGE_STANDARD = gnu17;
				GCC_DYNAMIC_NO_PIC = NO;
				GCC_NO_COMMON_BLOCKS = YES;
				GCC_OPTIMIZATION_LEVEL = 0;
				GCC_PREPROCESSOR_DEFINITIONS = (
					"DEBUG=1",
					"$(inherited)",
				);
				GCC_WARN_64_TO_32_BIT_CONVERSION = YES;
				GCC_WARN_ABOUT_RETURN_TYPE = YES_ERROR;
				GCC_WARN_UNDECLARED_SELECTOR = YES;
				GCC_WARN_UNINITIALIZED_AUTOS = YES_AGGRESSIVE;
				GCC_WARN_UNUSED_FUNCTION = YES;
				GCC_WARN_UNUSED_VARIABLE = YES;
				IPHONEOS_DEPLOYMENT_TARGET = 26.0;
				LOCALIZATION_PREFERS_STRING_CATALOGS = YES;
				MTL_ENABLE_DEBUG_INFO = INCLUDE_SOURCE;
				MTL_FAST_MATH = YES;
				ONLY_ACTIVE_ARCH = YES;
				SDKROOT = iphoneos;
				SWIFT_ACTIVE_COMPILATION_CONDITIONS = "DEBUG $(inherited)";
				SWIFT_OPTIMIZATION_LEVEL = "-Onone";
			};
			name = Debug;
		};
		F9AEF9E530375CA50080ED9A /* Release */ = {
			isa = XCBuildConfiguration;
			baseConfigurationReference = CF0100000000000000000002 /* Release.xcconfig */;
			buildSettings = {
				ALWAYS_SEARCH_USER_PATHS = NO;
				ASSETCATALOG_COMPILER_GENERATE_SWIFT_ASSET_SYMBOL_EXTENSIONS = YES;
				CLANG_ANALYZER_NONNULL = YES;
				CLANG_ANALYZER_NUMBER_OBJECT_CONVERSION = YES_AGGRESSIVE;
				CLANG_CXX_LANGUAGE_STANDARD = "gnu++20";
				CLANG_ENABLE_MODULES = YES;
				CLANG_ENABLE_OBJC_ARC = YES;
				CLANG_ENABLE_OBJC_WEAK = YES;
				CLANG_WARN_BLOCK_CAPTURE_AUTORELEASING = YES;
				CLANG_WARN_BOOL_CONVERSION = YES;
				CLANG_WARN_COMMA = YES;
				CLANG_WARN_CONSTANT_CONVERSION = YES;
				CLANG_WARN_DEPRECATED_OBJC_IMPLEMENTATIONS = YES;
				CLANG_WARN_DIRECT_OBJC_ISA_USAGE = YES_ERROR;
				CLANG_WARN_DOCUMENTATION_COMMENTS = YES;
				CLANG_WARN_EMPTY_BODY = YES;
				CLANG_WARN_ENUM_CONVERSION = YES;
				CLANG_WARN_INFINITE_RECURSION = YES;
				CLANG_WARN_INT_CONVERSION = YES;
				CLANG_WARN_NON_LITERAL_NULL_CONVERSION = YES;
				CLANG_WARN_OBJC_IMPLICIT_RETAIN_SELF = YES;
				CLANG_WARN_OBJC_LITERAL_CONVERSION = YES;
				CLANG_WARN_OBJC_ROOT_CLASS = YES_ERROR;
				CLANG_WARN_QUOTED_INCLUDE_IN_FRAMEWORK_HEADER = YES;
				CLANG_WARN_RANGE_LOOP_ANALYSIS = YES;
				CLANG_WARN_STRICT_PROTOTYPES = YES;
				CLANG_WARN_SUSPICIOUS_MOVE = YES;
				CLANG_WARN_UNGUARDED_AVAILABILITY = YES_AGGRESSIVE;
				CLANG_WARN_UNREACHABLE_CODE = YES;
				CLANG_WARN__DUPLICATE_METHOD_MATCH = YES;
				COPY_PHASE_STRIP = NO;
				DEBUG_INFORMATION_FORMAT = "dwarf-with-dsym";
				DEVELOPMENT_TEAM = "";
				ENABLE_NS_ASSERTIONS = NO;
				ENABLE_STRICT_OBJC_MSGSEND = YES;
				ENABLE_USER_SCRIPT_SANDBOXING = YES;
				GCC_C_LANGUAGE_STANDARD = gnu17;
				GCC_NO_COMMON_BLOCKS = YES;
				GCC_WARN_64_TO_32_BIT_CONVERSION = YES;
				GCC_WARN_ABOUT_RETURN_TYPE = YES_ERROR;
				GCC_WARN_UNDECLARED_SELECTOR = YES;
				GCC_WARN_UNINITIALIZED_AUTOS = YES_AGGRESSIVE;
				GCC_WARN_UNUSED_FUNCTION = YES;
				GCC_WARN_UNUSED_VARIABLE = YES;
				IPHONEOS_DEPLOYMENT_TARGET = 26.0;
				LOCALIZATION_PREFERS_STRING_CATALOGS = YES;
				MTL_ENABLE_DEBUG_INFO = NO;
				MTL_FAST_MATH = YES;
				SDKROOT = iphoneos;
				SWIFT_COMPILATION_MODE = wholemodule;
				VALIDATE_PRODUCT = YES;
			};
			name = Release;
		};
		F9AEF9E730375CA50080ED9A /* Debug */ = {
			isa = XCBuildConfiguration;
			buildSettings = {
				ASSETCATALOG_COMPILER_APPICON_NAME = AppIcon;
				ASSETCATALOG_COMPILER_GLOBAL_ACCENT_COLOR_NAME = AccentColor;
				CODE_SIGN_IDENTITY = "Apple Development";
				CODE_SIGN_STYLE = Automatic;
				CURRENT_PROJECT_VERSION = 1;
				DEVELOPMENT_TEAM = 7PU33DVB8U;
				ENABLE_PREVIEWS = YES;
				GENERATE_INFOPLIST_FILE = YES;
				INFOPLIST_KEY_CFBundleDisplayName = "Radinho de Pilha";
				INFOPLIST_KEY_UIApplicationSceneManifest_Generation = YES;
				INFOPLIST_KEY_UIApplicationSupportsIndirectInputEvents = YES;
				INFOPLIST_KEY_UILaunchScreen_Generation = YES;
				INFOPLIST_KEY_UISupportedInterfaceOrientations_iPad = "UIInterfaceOrientationPortrait UIInterfaceOrientationPortraitUpsideDown UIInterfaceOrientationLandscapeLeft UIInterfaceOrientationLandscapeRight";
				INFOPLIST_KEY_UISupportedInterfaceOrientations_iPhone = "UIInterfaceOrientationPortrait UIInterfaceOrientationLandscapeLeft UIInterfaceOrientationLandscapeRight";
				LD_RUNPATH_SEARCH_PATHS = (
					"$(inherited)",
					"@executable_path/Frameworks",
				);
				MARKETING_VERSION = 1.0;
				PRODUCT_BUNDLE_IDENTIFIER = com.igorwanderley.RadinhoDePilha;
				PRODUCT_NAME = "$(TARGET_NAME)";
				PROVISIONING_PROFILE_SPECIFIER = "";
				STRING_CATALOG_GENERATE_SYMBOLS = YES;
				SWIFT_APPROACHABLE_CONCURRENCY = YES;
				SWIFT_EMIT_LOC_STRINGS = YES;
				SWIFT_UPCOMING_FEATURE_MEMBER_IMPORT_VISIBILITY = YES;
				SWIFT_VERSION = 6.0;
				TARGETED_DEVICE_FAMILY = "1,2";
			};
			name = Debug;
		};
		F9AEF9E830375CA50080ED9A /* Release */ = {
			isa = XCBuildConfiguration;
			buildSettings = {
				ASSETCATALOG_COMPILER_APPICON_NAME = AppIcon;
				ASSETCATALOG_COMPILER_GLOBAL_ACCENT_COLOR_NAME = AccentColor;
				CODE_SIGN_IDENTITY = "Apple Development";
				CODE_SIGN_STYLE = Automatic;
				CURRENT_PROJECT_VERSION = 1;
				DEVELOPMENT_TEAM = 7PU33DVB8U;
				ENABLE_PREVIEWS = YES;
				GENERATE_INFOPLIST_FILE = YES;
				INFOPLIST_KEY_CFBundleDisplayName = "Radinho de Pilha";
				INFOPLIST_KEY_UIApplicationSceneManifest_Generation = YES;
				INFOPLIST_KEY_UIApplicationSupportsIndirectInputEvents = YES;
				INFOPLIST_KEY_UILaunchScreen_Generation = YES;
				INFOPLIST_KEY_UISupportedInterfaceOrientations_iPad = "UIInterfaceOrientationPortrait UIInterfaceOrientationPortraitUpsideDown UIInterfaceOrientationLandscapeLeft UIInterfaceOrientationLandscapeRight";
				INFOPLIST_KEY_UISupportedInterfaceOrientations_iPhone = "UIInterfaceOrientationPortrait UIInterfaceOrientationLandscapeLeft UIInterfaceOrientationLandscapeRight";
				LD_RUNPATH_SEARCH_PATHS = (
					"$(inherited)",
					"@executable_path/Frameworks",
				);
				MARKETING_VERSION = 1.0;
				PRODUCT_BUNDLE_IDENTIFIER = com.igorwanderley.RadinhoDePilha;
				PRODUCT_NAME = "$(TARGET_NAME)";
				PROVISIONING_PROFILE_SPECIFIER = "";
				STRING_CATALOG_GENERATE_SYMBOLS = YES;
				SWIFT_APPROACHABLE_CONCURRENCY = YES;
				SWIFT_EMIT_LOC_STRINGS = YES;
				SWIFT_UPCOMING_FEATURE_MEMBER_IMPORT_VISIBILITY = YES;
				SWIFT_VERSION = 6.0;
				TARGETED_DEVICE_FAMILY = "1,2";
			};
			name = Release;
		};
		F9AEF9EA30375CA50080ED9A /* Debug */ = {
			isa = XCBuildConfiguration;
			buildSettings = {
				BUNDLE_LOADER = "$(TEST_HOST)";
				CODE_SIGN_STYLE = Automatic;
				CURRENT_PROJECT_VERSION = 1;
				DEVELOPMENT_TEAM = "";
				GENERATE_INFOPLIST_FILE = YES;
				IPHONEOS_DEPLOYMENT_TARGET = 26.0;
				MARKETING_VERSION = 1.0;
				PRODUCT_BUNDLE_IDENTIFIER = com.igorwanderley.RadinhoDePilhaTests;
				PRODUCT_NAME = "$(TARGET_NAME)";
				STRING_CATALOG_GENERATE_SYMBOLS = NO;
				SWIFT_APPROACHABLE_CONCURRENCY = YES;
				SWIFT_EMIT_LOC_STRINGS = NO;
				SWIFT_UPCOMING_FEATURE_MEMBER_IMPORT_VISIBILITY = YES;
				SWIFT_VERSION = 6.0;
				TARGETED_DEVICE_FAMILY = "1,2";
				TEST_HOST = "$(BUILT_PRODUCTS_DIR)/RadinhoDePilha.app/$(BUNDLE_EXECUTABLE_FOLDER_PATH)/RadinhoDePilha";
			};
			name = Debug;
		};
		F9AEF9EB30375CA50080ED9A /* Release */ = {
			isa = XCBuildConfiguration;
			buildSettings = {
				BUNDLE_LOADER = "$(TEST_HOST)";
				CODE_SIGN_STYLE = Automatic;
				CURRENT_PROJECT_VERSION = 1;
				DEVELOPMENT_TEAM = "";
				GENERATE_INFOPLIST_FILE = YES;
				IPHONEOS_DEPLOYMENT_TARGET = 26.0;
				MARKETING_VERSION = 1.0;
				PRODUCT_BUNDLE_IDENTIFIER = com.igorwanderley.RadinhoDePilhaTests;
				PRODUCT_NAME = "$(TARGET_NAME)";
				STRING_CATALOG_GENERATE_SYMBOLS = NO;
				SWIFT_APPROACHABLE_CONCURRENCY = YES;
				SWIFT_EMIT_LOC_STRINGS = NO;
				SWIFT_UPCOMING_FEATURE_MEMBER_IMPORT_VISIBILITY = YES;
				SWIFT_VERSION = 6.0;
				TARGETED_DEVICE_FAMILY = "1,2";
				TEST_HOST = "$(BUILT_PRODUCTS_DIR)/RadinhoDePilha.app/$(BUNDLE_EXECUTABLE_FOLDER_PATH)/RadinhoDePilha";
			};
			name = Release;
		};
		F9AEF9ED30375CA50080ED9A /* Debug */ = {
			isa = XCBuildConfiguration;
			buildSettings = {
				CODE_SIGN_STYLE = Automatic;
				CURRENT_PROJECT_VERSION = 1;
				DEVELOPMENT_TEAM = "";
				GENERATE_INFOPLIST_FILE = YES;
				MARKETING_VERSION = 1.0;
				PRODUCT_BUNDLE_IDENTIFIER = com.igorwanderley.RadinhoDePilhaUITests;
				PRODUCT_NAME = "$(TARGET_NAME)";
				STRING_CATALOG_GENERATE_SYMBOLS = NO;
				SWIFT_APPROACHABLE_CONCURRENCY = YES;
				SWIFT_EMIT_LOC_STRINGS = NO;
				SWIFT_UPCOMING_FEATURE_MEMBER_IMPORT_VISIBILITY = YES;
				SWIFT_VERSION = 6.0;
				TARGETED_DEVICE_FAMILY = "1,2";
				TEST_TARGET_NAME = RadinhoDePilha;
			};
			name = Debug;
		};
		F9AEF9EE30375CA50080ED9A /* Release */ = {
			isa = XCBuildConfiguration;
			buildSettings = {
				CODE_SIGN_STYLE = Automatic;
				CURRENT_PROJECT_VERSION = 1;
				DEVELOPMENT_TEAM = "";
				GENERATE_INFOPLIST_FILE = YES;
				MARKETING_VERSION = 1.0;
				PRODUCT_BUNDLE_IDENTIFIER = com.igorwanderley.RadinhoDePilhaUITests;
				PRODUCT_NAME = "$(TARGET_NAME)";
				STRING_CATALOG_GENERATE_SYMBOLS = NO;
				SWIFT_APPROACHABLE_CONCURRENCY = YES;
				SWIFT_EMIT_LOC_STRINGS = NO;
				SWIFT_UPCOMING_FEATURE_MEMBER_IMPORT_VISIBILITY = YES;
				SWIFT_VERSION = 6.0;
				TARGETED_DEVICE_FAMILY = "1,2";
				TEST_TARGET_NAME = RadinhoDePilha;
			};
			name = Release;
		};
/* End XCBuildConfiguration section */

/* Begin XCConfigurationList section */
		F9AEF9C030375CA10080ED9A /* Build configuration list for PBXProject "RadinhoDePilha" */ = {
			isa = XCConfigurationList;
			buildConfigurations = (
				F9AEF9E430375CA50080ED9A /* Debug */,
				F9AEF9E530375CA50080ED9A /* Release */,
			);
			defaultConfigurationIsVisible = 0;
			defaultConfigurationName = Release;
		};
		F9AEF9E630375CA50080ED9A /* Build configuration list for PBXNativeTarget "RadinhoDePilha" */ = {
			isa = XCConfigurationList;
			buildConfigurations = (
				F9AEF9E730375CA50080ED9A /* Debug */,
				F9AEF9E830375CA50080ED9A /* Release */,
			);
			defaultConfigurationIsVisible = 0;
			defaultConfigurationName = Release;
		};
		F9AEF9E930375CA50080ED9A /* Build configuration list for PBXNativeTarget "RadinhoDePilhaTests" */ = {
			isa = XCConfigurationList;
			buildConfigurations = (
				F9AEF9EA30375CA50080ED9A /* Debug */,
				F9AEF9EB30375CA50080ED9A /* Release */,
			);
			defaultConfigurationIsVisible = 0;
			defaultConfigurationName = Release;
		};
		F9AEF9EC30375CA50080ED9A /* Build configuration list for PBXNativeTarget "RadinhoDePilhaUITests" */ = {
			isa = XCConfigurationList;
			buildConfigurations = (
				F9AEF9ED30375CA50080ED9A /* Debug */,
				F9AEF9EE30375CA50080ED9A /* Release */,
			);
			defaultConfigurationIsVisible = 0;
			defaultConfigurationName = Release;
		};
/* End XCConfigurationList section */
	};
	rootObject = F9AEF9BD30375CA10080ED9A /* Project object */;
}
